
Microsoft Visual Studio Solution File, Format Version 12.00
# Visual Studio Version 16
VisualStudioVersion = 16.0.28606.126
MinimumVisualStudioVersion = 10.0.40219.1
Project("{9A19103F-16F7-4668-BE54-9A1E7A4F7556}") = "EFCore.IndexAttribute", "EFCore.IndexAttribute\EFCore.IndexAttribute.csproj", "{D8527AE3-DB33-43CA-950B-22B3815DC8C9}"
EndProject
Project("{2150E333-8FDC-42A3-9474-1A3956D46DE8}") = "README", "README", "{2DBA60A8-0009-4634-A829-31D9814922AB}"
	ProjectSection(SolutionItems) = preProject
		LICENSE = LICENSE
		README-Appendix-D.md = README-Appendix-D.md
		README-Appendix-E.md = README-Appendix-E.md
		README.md = README.md
	EndProjectSection
EndProject
Project("{9A19103F-16F7-4668-BE54-9A1E7A4F7556}") = "EFCore.IndexAttribute.Attribute", "EFCore.IndexAttribute.Attribute\EFCore.IndexAttribute.Attribute.csproj", "{2C15BC9E-DB1D-4DC3-A818-F9AF0A6ADDD2}"
EndProject
Project("{D954291E-2A0B-460D-934E-DC6B0785DB48}") = "EFCore.IndexAttribute.Test", "EFCore.IndexAttribute.Test\EFCore.IndexAttribute.Test.shproj", "{58B58CBB-EE83-4A43-8C69-A02204C84F57}"
EndProject
Project("{9A19103F-16F7-4668-BE54-9A1E7A4F7556}") = "EFCore.IndexAttribute.SqlServer", "EFCore.IndexAttribute.SqlServer\EFCore.IndexAttribute.SqlServer.csproj", "{04DCC94C-58BF-4919-9BBE-C53FD3212E57}"
EndProject
Project("{9A19103F-16F7-4668-BE54-9A1E7A4F7556}") = "EFCore.IndexAttribute.Test.EF30", "EFCore.IndexAttribute.Test.EF30\EFCore.IndexAttribute.Test.EF30.csproj", "{66291784-E6F6-42CD-89C0-3A042CDA5B9C}"
EndProject
Project("{9A19103F-16F7-4668-BE54-9A1E7A4F7556}") = "EFCore.IndexAttribute.Test.EF31", "EFCore.IndexAttribute.Test.EF31\EFCore.IndexAttribute.Test.EF31.csproj", "{581DE162-8EA0-46B8-923B-331E3D7F346B}"
EndProject
Project("{9A19103F-16F7-4668-BE54-9A1E7A4F7556}") = "EFCore.IndexAttribute.Test.EF311", "EFCore.IndexAttribute.Test.EF311\EFCore.IndexAttribute.Test.EF311.csproj", "{FEA15466-22F6-4A86-AFC3-66523C59FDB9}"
EndProject
Project("{9A19103F-16F7-4668-BE54-9A1E7A4F7556}") = "EFCore.IndexAttribute.Test.EF50", "EFCore.IndexAttribute.Test.EF50\EFCore.IndexAttribute.Test.EF50.csproj", "{7182976F-F643-4BFC-9FDB-D73333F958BE}"
EndProject
Project("{9A19103F-16F7-4668-BE54-9A1E7A4F7556}") = "EFCore.IndexAttribute.Test.MigrationTest", "EFCore.IndexAttribute.Test.MigrationTest\EFCore.IndexAttribute.Test.MigrationTest.csproj", "{F9437EB1-F80A-4D52-93DC-822929A9E874}"
EndProject
Global
	GlobalSection(SharedMSBuildProjectFiles) = preSolution
		EFCore.IndexAttribute.Test\EFCore.IndexAttribute.Test.projitems*{581de162-8ea0-46b8-923b-331e3d7f346b}*SharedItemsImports = 5
		EFCore.IndexAttribute.Test\EFCore.IndexAttribute.Test.projitems*{58b58cbb-ee83-4a43-8c69-a02204c84f57}*SharedItemsImports = 13
		EFCore.IndexAttribute.Test\EFCore.IndexAttribute.Test.projitems*{66291784-e6f6-42cd-89c0-3a042cda5b9c}*SharedItemsImports = 5
		EFCore.IndexAttribute.Test\EFCore.IndexAttribute.Test.projitems*{7182976f-f643-4bfc-9fdb-d73333f958be}*SharedItemsImports = 5
		EFCore.IndexAttribute.Test\EFCore.IndexAttribute.Test.projitems*{fea15466-22f6-4a86-afc3-66523c59fdb9}*SharedItemsImports = 5
	EndGlobalSection
	GlobalSection(SolutionConfigurationPlatforms) = preSolution
		Debug|Any CPU = Debug|Any CPU
		Release|Any CPU = Release|Any CPU
	EndGlobalSection
	GlobalSection(ProjectConfigurationPlatforms) = postSolution
		{D8527AE3-DB33-43CA-950B-22B3815DC8C9}.Debug|Any CPU.ActiveCfg = Debug|Any CPU
		{D8527AE3-DB33-43CA-950B-22B3815DC8C9}.Debug|Any CPU.Build.0 = Debug|Any CPU
		{D8527AE3-DB33-43CA-950B-22B3815DC8C9}.Release|Any CPU.ActiveCfg = Release|Any CPU
		{D8527AE3-DB33-43CA-950B-22B3815DC8C9}.Release|Any CPU.Build.0 = Release|Any CPU
		{2C15BC9E-DB1D-4DC3-A818-F9AF0A6ADDD2}.Debug|Any CPU.ActiveCfg = Debug|Any CPU
		{2C15BC9E-DB1D-4DC3-A818-F9AF0A6ADDD2}.Debug|Any CPU.Build.0 = Debug|Any CPU
		{2C15BC9E-DB1D-4DC3-A818-F9AF0A6ADDD2}.Release|Any CPU.ActiveCfg = Release|Any CPU
		{2C15BC9E-DB1D-4DC3-A818-F9AF0A6ADDD2}.Release|Any CPU.Build.0 = Release|Any CPU
		{04DCC94C-58BF-4919-9BBE-C53FD3212E57}.Debug|Any CPU.ActiveCfg = Debug|Any CPU
		{04DCC94C-58BF-4919-9BBE-C53FD3212E57}.Debug|Any CPU.Build.0 = Debug|Any CPU
		{04DCC94C-58BF-4919-9BBE-C53FD3212E57}.Release|Any CPU.ActiveCfg = Release|Any CPU
		{04DCC94C-58BF-4919-9BBE-C53FD3212E57}.Release|Any CPU.Build.0 = Release|Any CPU
		{66291784-E6F6-42CD-89C0-3A042CDA5B9C}.Debug|Any CPU.ActiveCfg = Debug|Any CPU
		{66291784-E6F6-42CD-89C0-3A042CDA5B9C}.Debug|Any CPU.Build.0 = Debug|Any CPU
		{66291784-E6F6-42CD-89C0-3A042CDA5B9C}.Release|Any CPU.ActiveCfg = Release|Any CPU
		{66291784-E6F6-42CD-89C0-3A042CDA5B9C}.Release|Any CPU.Build.0 = Release|Any CPU
		{581DE162-8EA0-46B8-923B-331E3D7F346B}.Debug|Any CPU.ActiveCfg = Debug|Any CPU
		{581DE162-8EA0-46B8-923B-331E3D7F346B}.Debug|Any CPU.Build.0 = Debug|Any CPU
		{581DE162-8EA0-46B8-923B-331E3D7F346B}.Release|Any CPU.ActiveCfg = Release|Any CPU
		{581DE162-8EA0-46B8-923B-331E3D7F346B}.Release|Any CPU.Build.0 = Release|Any CPU
		{FEA15466-22F6-4A86-AFC3-66523C59FDB9}.Debug|Any CPU.ActiveCfg = Debug|Any CPU
		{FEA15466-22F6-4A86-AFC3-66523C59FDB9}.Debug|Any CPU.Build.0 = Debug|Any CPU
		{FEA15466-22F6-4A86-AFC3-66523C59FDB9}.Release|Any CPU.ActiveCfg = Release|Any CPU
		{FEA15466-22F6-4A86-AFC3-66523C59FDB9}.Release|Any CPU.Build.0 = Release|Any CPU
		{7182976F-F643-4BFC-9FDB-D73333F958BE}.Debug|Any CPU.ActiveCfg = Debug|Any CPU
		{7182976F-F643-4BFC-9FDB-D73333F958BE}.Debug|Any CPU.Build.0 = Debug|Any CPU
		{7182976F-F643-4BFC-9FDB-D73333F958BE}.Release|Any CPU.ActiveCfg = Release|Any CPU
		{7182976F-F643-4BFC-9FDB-D73333F958BE}.Release|Any CPU.Build.0 = Release|Any CPU
		{F9437EB1-F80A-4D52-93DC-822929A9E874}.Debug|Any CPU.ActiveCfg = Debug|Any CPU
		{F9437EB1-F80A-4D52-93DC-822929A9E874}.Debug|Any CPU.Build.0 = Debug|Any CPU
		{F9437EB1-F80A-4D52-93DC-822929A9E874}.Release|Any CPU.ActiveCfg = Release|Any CPU
		{F9437EB1-F80A-4D52-93DC-822929A9E874}.Release|Any CPU.Build.0 = Release|Any CPU
	EndGlobalSection
	GlobalSection(SolutionProperties) = preSolution
		HideSolutionNode = FALSE
	EndGlobalSection
	GlobalSection(ExtensibilityGlobals) = postSolution
		SolutionGuid = {AC9C68B2-0D82-4D92-BC64-B71BC00F5DEB}
	EndGlobalSection
EndGlobal
