
Microsoft Visual Studio Solution File, Format Version 12.00
# Visual Studio Version 16
VisualStudioVersion = 16.0.28606.126
MinimumVisualStudioVersion = 10.0.40219.1
Project("{9A19103F-16F7-4668-BE54-9A1E7A4F7556}") = "EntityFrameworkCore.IndexAttribute", "EntityFrameworkCore.IndexAttribute\EntityFrameworkCore.IndexAttribute.csproj", "{D8527AE3-DB33-43CA-950B-22B3815DC8C9}"
EndProject
Project("{9A19103F-16F7-4668-BE54-9A1E7A4F7556}") = "EntityFrameworkCore.IndexAttribute.Test", "EntityFrameworkCore.IndexAttribute.Test\EntityFrameworkCore.IndexAttribute.Test.csproj", "{EAD773A0-BCCC-47EC-BD40-2B9C90A108DB}"
EndProject
Project("{2150E333-8FDC-42A3-9474-1A3956D46DE8}") = "README", "README", "{2DBA60A8-0009-4634-A829-31D9814922AB}"
	ProjectSection(SolutionItems) = preProject
		LICENSE = LICENSE
		README.md = README.md
	EndProjectSection
EndProject
Project("{FAE04EC0-301F-11D3-BF4B-00C04F79EFBC}") = "EntityFrameworkCore.IndexAttribute.Attribute", "EntityFrameworkCore.IndexAttribute.Attribute\EntityFrameworkCore.IndexAttribute.Attribute.csproj", "{2C15BC9E-DB1D-4DC3-A818-F9AF0A6ADDD2}"
EndProject
Global
	GlobalSection(SolutionConfigurationPlatforms) = preSolution
		Debug|Any CPU = Debug|Any CPU
		Release|Any CPU = Release|Any CPU
	EndGlobalSection
	GlobalSection(ProjectConfigurationPlatforms) = postSolution
		{D8527AE3-DB33-43CA-950B-22B3815DC8C9}.Debug|Any CPU.ActiveCfg = Debug|Any CPU
		{D8527AE3-DB33-43CA-950B-22B3815DC8C9}.Debug|Any CPU.Build.0 = Debug|Any CPU
		{D8527AE3-DB33-43CA-950B-22B3815DC8C9}.Release|Any CPU.ActiveCfg = Release|Any CPU
		{D8527AE3-DB33-43CA-950B-22B3815DC8C9}.Release|Any CPU.Build.0 = Release|Any CPU
		{EAD773A0-BCCC-47EC-BD40-2B9C90A108DB}.Debug|Any CPU.ActiveCfg = Debug|Any CPU
		{EAD773A0-BCCC-47EC-BD40-2B9C90A108DB}.Debug|Any CPU.Build.0 = Debug|Any CPU
		{EAD773A0-BCCC-47EC-BD40-2B9C90A108DB}.Release|Any CPU.ActiveCfg = Release|Any CPU
		{EAD773A0-BCCC-47EC-BD40-2B9C90A108DB}.Release|Any CPU.Build.0 = Release|Any CPU
		{2C15BC9E-DB1D-4DC3-A818-F9AF0A6ADDD2}.Debug|Any CPU.ActiveCfg = Debug|Any CPU
		{2C15BC9E-DB1D-4DC3-A818-F9AF0A6ADDD2}.Debug|Any CPU.Build.0 = Debug|Any CPU
		{2C15BC9E-DB1D-4DC3-A818-F9AF0A6ADDD2}.Release|Any CPU.ActiveCfg = Release|Any CPU
		{2C15BC9E-DB1D-4DC3-A818-F9AF0A6ADDD2}.Release|Any CPU.Build.0 = Release|Any CPU
	EndGlobalSection
	GlobalSection(SolutionProperties) = preSolution
		HideSolutionNode = FALSE
	EndGlobalSection
	GlobalSection(ExtensibilityGlobals) = postSolution
		SolutionGuid = {AC9C68B2-0D82-4D92-BC64-B71BC00F5DEB}
	EndGlobalSection
EndGlobal
